
Microsoft Visual Studio Solution File, Format Version 12.00
# Visual Studio 2013
VisualStudioVersion = 12.0.31101.0
MinimumVisualStudioVersion = 10.0.40219.1
Project("{FAE04EC0-301F-11D3-BF4B-00C04F79EFBC}") = "Prilozhenie_2.ODataBackend", "ODataBackend/Prilozhenie_2.ODataBackend.csproj", "{A1386D05-2A96-4344-AFC7-A6B043C28F8E}"
EndProject
Project("{FAE04EC0-301F-11D3-BF4B-00C04F79EFBC}") = "Prilozhenie_2.Objects", "Objects/Prilozhenie_2.Objects.csproj", "{D5193D51-4454-46FA-96E8-9AE03C196156}"
EndProject
Global
	GlobalSection(SolutionConfigurationPlatforms) = preSolution
Debug|Any CPU = Debug|Any CPU
Release|Any CPU = Release|Any CPU
	EndGlobalSection
	GlobalSection(ProjectConfigurationPlatforms) = postSolution
		{A1386D05-2A96-4344-AFC7-A6B043C28F8E}.Debug|Any CPU.ActiveCfg = Debug|Any CPU
		{A1386D05-2A96-4344-AFC7-A6B043C28F8E}.Debug|Any CPU.Build.0 = Debug|Any CPU
		{A1386D05-2A96-4344-AFC7-A6B043C28F8E}.Release|Any CPU.ActiveCfg = Release|Any CPU
		{A1386D05-2A96-4344-AFC7-A6B043C28F8E}.Release|Any CPU.Build.0 = Release|Any CPU
		{D5193D51-4454-46FA-96E8-9AE03C196156}.Debug|Any CPU.ActiveCfg = Debug|Any CPU
		{D5193D51-4454-46FA-96E8-9AE03C196156}.Debug|Any CPU.Build.0 = Debug|Any CPU
		{D5193D51-4454-46FA-96E8-9AE03C196156}.Release|Any CPU.ActiveCfg = Release|Any CPU
		{D5193D51-4454-46FA-96E8-9AE03C196156}.Release|Any CPU.Build.0 = Release|Any CPU
	EndGlobalSection
	GlobalSection(SolutionProperties) = preSolution
		HideSolutionNode = FALSE
	EndGlobalSection
EndGlobal
